
Microsoft Visual Studio Solution File, Format Version 12.00
# Visual Studio 15
VisualStudioVersion = 15.0.26730.15
MinimumVisualStudioVersion = 10.0.40219.1
Project("{FAE04EC0-301F-11D3-BF4B-00C04F79EFBC}") = "PrivateClient", "PrivateClient\PrivateClient.csproj", "{4DEBA0F3-63EB-42BE-A9F8-C1696247ECB9}"
EndProject
Global
	GlobalSection(SolutionConfigurationPlatforms) = preSolution
		Debug|Any CPU = Debug|Any CPU
		Release|Any CPU = Release|Any CPU
	EndGlobalSection
	GlobalSection(ProjectConfigurationPlatforms) = postSolution
		{4DEBA0F3-63EB-42BE-A9F8-C1696247ECB9}.Debug|Any CPU.ActiveCfg = Debug|Any CPU
		{4DEBA0F3-63EB-42BE-A9F8-C1696247ECB9}.Debug|Any CPU.Build.0 = Debug|Any CPU
		{4DEBA0F3-63EB-42BE-A9F8-C1696247ECB9}.Release|Any CPU.ActiveCfg = Release|Any CPU
		{4DEBA0F3-63EB-42BE-A9F8-C1696247ECB9}.Release|Any CPU.Build.0 = Release|Any CPU
	EndGlobalSection
	GlobalSection(SolutionProperties) = preSolution
		HideSolutionNode = FALSE
	EndGlobalSection
	GlobalSection(ExtensibilityGlobals) = postSolution
		SolutionGuid = {7D4B3A72-A00E-45D5-8E8B-98B19D36E538}
	EndGlobalSection
EndGlobal
